<?xml version="1.0" encoding="utf-8"?>
<Project ToolsVersion="4.0" xmlns="http://schemas.microsoft.com/developer/msbuild/2003">
  <ItemGroup>
    <Filter Include="Source Files">
      <UniqueIdentifier>{4FC737F1-C7A5-4376-A066-2A32D752A2FF}</UniqueIdentifier>
      <Extensions>cpp;c;cc;cxx;def;odl;idl;hpj;bat;asm;asmx</Extensions>
    </Filter>
    <Filter Include="Header Files">
      <UniqueIdentifier>{93995380-89BD-4b04-88EB-625FBE52EBFB}</UniqueIdentifier>
      <Extensions>h;hpp;hxx;hm;inl;inc;xsd</Extensions>
    </Filter>
    <Filter Include="Resource Files">
      <UniqueIdentifier>{67DA6AB6-F800-4c08-8B7A-83BB121AAD01}</UniqueIdentifier>
      <Extensions>rc;ico;cur;bmp;dlg;rc2;rct;bin;rgs;gif;jpg;jpeg;jpe;resx;tiff;tif;png;wav</Extensions>
    </Filter>
  </ItemGroup>
  <ItemGroup>
    <ClCompile Include="..\..\caldgemm\benchmark.cpp">
      <Filter>Source Files</Filter>
    </ClCompile>
    <ClCompile Include="..\..\caldgemm\caldgemm.cpp">
      <Filter>Source Files</Filter>
    </ClCompile>
    <ClCompile Include="..\..\caldgemm\caldgemm_cal.cpp">
      <Filter>Source Files</Filter>
    </ClCompile>
    <ClCompile Include="..\..\caldgemm\caldgemm_opencl.cpp">
      <Filter>Source Files</Filter>
    </ClCompile>
    <ClCompile Include="..\..\caldgemm\timer.cpp">
      <Filter>Source Files</Filter>
    </ClCompile>
  </ItemGroup>
  <ItemGroup>
    <None Include="..\..\caldgemm\caldgemm.cl">
      <Filter>Source Files</Filter>
    </None>
    <None Include="..\..\caldgemm\caldgemm.il">
      <Filter>Source Files</Filter>
    </None>
    <None Include="..\..\caldgemm\caldgemm_config.sample">
      <Filter>Header Files</Filter>
    </None>
    <None Include="..\..\caldgemm\config.mak">
      <Filter>Resource Files</Filter>
    </None>
    <None Include="..\..\caldgemm\makefiles\config.mak.sample">
      <Filter>Resource Files</Filter>
    </None>
    <None Include="..\..\caldgemm\makefiles\i686-pc-cygwin.mak">
      <Filter>Resource Files</Filter>
    </None>
    <None Include="..\..\caldgemm\makefiles\makefile">
      <Filter>Resource Files</Filter>
    </None>
    <None Include="..\..\caldgemm\README">
      <Filter>Resource Files</Filter>
    </None>
    <None Include="..\..\caldgemm\makefiles\x86_64-pc-linux-gnu.mak">
      <Filter>Resource Files</Filter>
    </None>
  </ItemGroup>
  <ItemGroup>
    <ClInclude Include="..\..\caldgemm\caldgemm.h">
      <Filter>Header Files</Filter>
    </ClInclude>
    <ClInclude Include="..\..\caldgemm\caldgemm_cal.h">
      <Filter>Header Files</Filter>
    </ClInclude>
    <ClInclude Include="..\..\caldgemm\caldgemm_common.h">
      <Filter>Header Files</Filter>
    </ClInclude>
    <ClInclude Include="..\..\caldgemm\caldgemm_config.h">
      <Filter>Header Files</Filter>
    </ClInclude>
    <ClInclude Include="..\..\caldgemm\caldgemm_config_load.h">
      <Filter>Header Files</Filter>
    </ClInclude>
    <ClInclude Include="..\..\caldgemm\caldgemm_opencl.h">
      <Filter>Header Files</Filter>
    </ClInclude>
    <ClInclude Include="..\..\caldgemm\cmodules\pthread_mutex_win32_wrapper.h">
      <Filter>Header Files</Filter>
    </ClInclude>
    <ClInclude Include="..\..\caldgemm\cmodules\sched_affinity_win32_wrapper.h">
      <Filter>Header Files</Filter>
    </ClInclude>
    <ClInclude Include="..\..\caldgemm\timer.h">
      <Filter>Header Files</Filter>
    </ClInclude>
  </ItemGroup>
</Project>